
Microsoft Visual Studio Solution File, Format Version 12.00
# Visual Studio Version 16
VisualStudioVersion = 16.0.809.2
MinimumVisualStudioVersion = 10.0.40219.1
Project("{FAE04EC0-301F-11D3-BF4B-00C04F79EFBC}") = "PizzaAlgo_1", "PizzaAlgo_1\PizzaAlgo_1.csproj", "{136FA179-7612-49B1-89EF-7BAEB9C6DB70}"
EndProject
Global
	GlobalSection(SolutionConfigurationPlatforms) = preSolution
		Debug|Any CPU = Debug|Any CPU
		Release|Any CPU = Release|Any CPU
	EndGlobalSection
	GlobalSection(ProjectConfigurationPlatforms) = postSolution
		{136FA179-7612-49B1-89EF-7BAEB9C6DB70}.Debug|Any CPU.ActiveCfg = Debug|Any CPU
		{136FA179-7612-49B1-89EF-7BAEB9C6DB70}.Debug|Any CPU.Build.0 = Debug|Any CPU
		{136FA179-7612-49B1-89EF-7BAEB9C6DB70}.Release|Any CPU.ActiveCfg = Release|Any CPU
		{136FA179-7612-49B1-89EF-7BAEB9C6DB70}.Release|Any CPU.Build.0 = Release|Any CPU
	EndGlobalSection
	GlobalSection(SolutionProperties) = preSolution
		HideSolutionNode = FALSE
	EndGlobalSection
	GlobalSection(ExtensibilityGlobals) = postSolution
		SolutionGuid = {6BE77876-B60E-4541-9C42-EFEE321F3220}
	EndGlobalSection
EndGlobal
